// !$*UTF8*$!
{
	archiveVersion = 1;
	classes = {
	};
	objectVersion = 56;
	objects = {

/* Begin PBXBuildFile section */
		9A33B6AA29D0AF7D007B849D /* Network.swift in Sources */ = {isa = PBXBuildFile; fileRef = 9A33B6A929D0AF7D007B849D /* Network.swift */; };
		9A33B6AC29D0B1AD007B849D /* Network+URLSessionDelegate.swift in Sources */ = {isa = PBXBuildFile; fileRef = 9A33B6AB29D0B1AD007B849D /* Network+URLSessionDelegate.swift */; };
		9A33B6AF29D0B351007B849D /* NetworkError.swift in Sources */ = {isa = PBXBuildFile; fileRef = 9A33B6AE29D0B351007B849D /* NetworkError.swift */; };
		9A33B6B229D0B3CE007B849D /* ResponseHandler.swift in Sources */ = {isa = PBXBuildFile; fileRef = 9A33B6B129D0B3CE007B849D /* ResponseHandler.swift */; };
		9A33B6B529D0B41C007B849D /* Movie.swift in Sources */ = {isa = PBXBuildFile; fileRef = 9A33B6B429D0B41C007B849D /* Movie.swift */; };
		9A51A0A329D5C68200910185 /* MovieCell.swift in Sources */ = {isa = PBXBuildFile; fileRef = 9A51A0A229D5C68200910185 /* MovieCell.swift */; };
		9A6A0A9729D5D70500DD32A7 /* NowMoviesTableViewController.swift in Sources */ = {isa = PBXBuildFile; fileRef = 9A6A0A9629D5D70500DD32A7 /* NowMoviesTableViewController.swift */; };
		9A6A0A9929D712E300DD32A7 /* Data.swift in Sources */ = {isa = PBXBuildFile; fileRef = 9A6A0A9829D712E300DD32A7 /* Data.swift */; };
		9A7DECD529D05B67001F810F /* AppDelegate.swift in Sources */ = {isa = PBXBuildFile; fileRef = 9A7DECD429D05B67001F810F /* AppDelegate.swift */; };
		9A7DECD729D05B67001F810F /* SceneDelegate.swift in Sources */ = {isa = PBXBuildFile; fileRef = 9A7DECD629D05B67001F810F /* SceneDelegate.swift */; };
		9A7DECD929D05B67001F810F /* ViewController.swift in Sources */ = {isa = PBXBuildFile; fileRef = 9A7DECD829D05B67001F810F /* ViewController.swift */; };
		9A7DECDC29D05B67001F810F /* Main.storyboard in Resources */ = {isa = PBXBuildFile; fileRef = 9A7DECDA29D05B67001F810F /* Main.storyboard */; };
		9A7DECDE29D05B68001F810F /* Assets.xcassets in Resources */ = {isa = PBXBuildFile; fileRef = 9A7DECDD29D05B68001F810F /* Assets.xcassets */; };
		9A7DECE129D05B68001F810F /* LaunchScreen.storyboard in Resources */ = {isa = PBXBuildFile; fileRef = 9A7DECDF29D05B68001F810F /* LaunchScreen.storyboard */; };
		9A7DECEC29D05B68001F810F /* MovieflixUIKitTests.swift in Sources */ = {isa = PBXBuildFile; fileRef = 9A7DECEB29D05B68001F810F /* MovieflixUIKitTests.swift */; };
		9A7DECF629D05B68001F810F /* MovieflixUIKitUITests.swift in Sources */ = {isa = PBXBuildFile; fileRef = 9A7DECF529D05B68001F810F /* MovieflixUIKitUITests.swift */; };
		9A7DECF829D05B68001F810F /* MovieflixUIKitUITestsLaunchTests.swift in Sources */ = {isa = PBXBuildFile; fileRef = 9A7DECF729D05B68001F810F /* MovieflixUIKitUITestsLaunchTests.swift */; };
		9AAFB9C229D5960800DEABF0 /* OldNowMoviesTableViewController.swift in Sources */ = {isa = PBXBuildFile; fileRef = 9AAFB9C129D5960800DEABF0 /* OldNowMoviesTableViewController.swift */; };
/* End PBXBuildFile section */

/* Begin PBXContainerItemProxy section */
		9A7DECE829D05B68001F810F /* PBXContainerItemProxy */ = {
			isa = PBXContainerItemProxy;
			containerPortal = 9A7DECC929D05B67001F810F /* Project object */;
			proxyType = 1;
			remoteGlobalIDString = 9A7DECD029D05B67001F810F;
			remoteInfo = MovieflixUIKit;
		};
		9A7DECF229D05B68001F810F /* PBXContainerItemProxy */ = {
			isa = PBXContainerItemProxy;
			containerPortal = 9A7DECC929D05B67001F810F /* Project object */;
			proxyType = 1;
			remoteGlobalIDString = 9A7DECD029D05B67001F810F;
			remoteInfo = MovieflixUIKit;
		};
/* End PBXContainerItemProxy section */

/* Begin PBXFileReference section */
		9A33B6A929D0AF7D007B849D /* Network.swift */ = {isa = PBXFileReference; lastKnownFileType = sourcecode.swift; path = Network.swift; sourceTree = "<group>"; };
		9A33B6AB29D0B1AD007B849D /* Network+URLSessionDelegate.swift */ = {isa = PBXFileReference; lastKnownFileType = sourcecode.swift; path = "Network+URLSessionDelegate.swift"; sourceTree = "<group>"; };
		9A33B6AE29D0B351007B849D /* NetworkError.swift */ = {isa = PBXFileReference; lastKnownFileType = sourcecode.swift; path = NetworkError.swift; sourceTree = "<group>"; };
		9A33B6B129D0B3CE007B849D /* ResponseHandler.swift */ = {isa = PBXFileReference; lastKnownFileType = sourcecode.swift; path = ResponseHandler.swift; sourceTree = "<group>"; };
		9A33B6B429D0B41C007B849D /* Movie.swift */ = {isa = PBXFileReference; lastKnownFileType = sourcecode.swift; path = Movie.swift; sourceTree = "<group>"; };
		9A51A0A229D5C68200910185 /* MovieCell.swift */ = {isa = PBXFileReference; lastKnownFileType = sourcecode.swift; path = MovieCell.swift; sourceTree = "<group>"; };
		9A6A0A9629D5D70500DD32A7 /* NowMoviesTableViewController.swift */ = {isa = PBXFileReference; lastKnownFileType = sourcecode.swift; path = NowMoviesTableViewController.swift; sourceTree = "<group>"; };
		9A6A0A9829D712E300DD32A7 /* Data.swift */ = {isa = PBXFileReference; lastKnownFileType = sourcecode.swift; path = Data.swift; sourceTree = "<group>"; };
		9A7DECD129D05B67001F810F /* MovieflixUIKit.app */ = {isa = PBXFileReference; explicitFileType = wrapper.application; includeInIndex = 0; path = MovieflixUIKit.app; sourceTree = BUILT_PRODUCTS_DIR; };
		9A7DECD429D05B67001F810F /* AppDelegate.swift */ = {isa = PBXFileReference; lastKnownFileType = sourcecode.swift; path = AppDelegate.swift; sourceTree = "<group>"; };
		9A7DECD629D05B67001F810F /* SceneDelegate.swift */ = {isa = PBXFileReference; lastKnownFileType = sourcecode.swift; path = SceneDelegate.swift; sourceTree = "<group>"; };
		9A7DECD829D05B67001F810F /* ViewController.swift */ = {isa = PBXFileReference; lastKnownFileType = sourcecode.swift; path = ViewController.swift; sourceTree = "<group>"; };
		9A7DECDB29D05B67001F810F /* Base */ = {isa = PBXFileReference; lastKnownFileType = file.storyboard; name = Base; path = Base.lproj/Main.storyboard; sourceTree = "<group>"; };
		9A7DECDD29D05B68001F810F /* Assets.xcassets */ = {isa = PBXFileReference; lastKnownFileType = folder.assetcatalog; path = Assets.xcassets; sourceTree = "<group>"; };
		9A7DECE029D05B68001F810F /* Base */ = {isa = PBXFileReference; lastKnownFileType = file.storyboard; name = Base; path = Base.lproj/LaunchScreen.storyboard; sourceTree = "<group>"; };
		9A7DECE229D05B68001F810F /* Info.plist */ = {isa = PBXFileReference; lastKnownFileType = text.plist.xml; path = Info.plist; sourceTree = "<group>"; };
		9A7DECE729D05B68001F810F /* MovieflixUIKitTests.xctest */ = {isa = PBXFileReference; explicitFileType = wrapper.cfbundle; includeInIndex = 0; path = MovieflixUIKitTests.xctest; sourceTree = BUILT_PRODUCTS_DIR; };
		9A7DECEB29D05B68001F810F /* MovieflixUIKitTests.swift */ = {isa = PBXFileReference; lastKnownFileType = sourcecode.swift; path = MovieflixUIKitTests.swift; sourceTree = "<group>"; };
		9A7DECF129D05B68001F810F /* MovieflixUIKitUITests.xctest */ = {isa = PBXFileReference; explicitFileType = wrapper.cfbundle; includeInIndex = 0; path = MovieflixUIKitUITests.xctest; sourceTree = BUILT_PRODUCTS_DIR; };
		9A7DECF529D05B68001F810F /* MovieflixUIKitUITests.swift */ = {isa = PBXFileReference; lastKnownFileType = sourcecode.swift; path = MovieflixUIKitUITests.swift; sourceTree = "<group>"; };
		9A7DECF729D05B68001F810F /* MovieflixUIKitUITestsLaunchTests.swift */ = {isa = PBXFileReference; lastKnownFileType = sourcecode.swift; path = MovieflixUIKitUITestsLaunchTests.swift; sourceTree = "<group>"; };
		9AAFB9C129D5960800DEABF0 /* OldNowMoviesTableViewController.swift */ = {isa = PBXFileReference; lastKnownFileType = sourcecode.swift; path = OldNowMoviesTableViewController.swift; sourceTree = "<group>"; };
/* End PBXFileReference section */

/* Begin PBXFrameworksBuildPhase section */
		9A7DECCE29D05B67001F810F /* Frameworks */ = {
			isa = PBXFrameworksBuildPhase;
			buildActionMask = 2147483647;
			files = (
			);
			runOnlyForDeploymentPostprocessing = 0;
		};
		9A7DECE429D05B68001F810F /* Frameworks */ = {
			isa = PBXFrameworksBuildPhase;
			buildActionMask = 2147483647;
			files = (
			);
			runOnlyForDeploymentPostprocessing = 0;
		};
		9A7DECEE29D05B68001F810F /* Frameworks */ = {
			isa = PBXFrameworksBuildPhase;
			buildActionMask = 2147483647;
			files = (
			);
			runOnlyForDeploymentPostprocessing = 0;
		};
/* End PBXFrameworksBuildPhase section */

/* Begin PBXGroup section */
		9A33B6AD29D0B313007B849D /* Network */ = {
			isa = PBXGroup;
			children = (
				9A33B6A929D0AF7D007B849D /* Network.swift */,
				9A33B6AB29D0B1AD007B849D /* Network+URLSessionDelegate.swift */,
				9A33B6AE29D0B351007B849D /* NetworkError.swift */,
			);
			path = Network;
			sourceTree = "<group>";
		};
		9A33B6B029D0B3BD007B849D /* Helper */ = {
			isa = PBXGroup;
			children = (
				9A33B6B129D0B3CE007B849D /* ResponseHandler.swift */,
			);
			path = Helper;
			sourceTree = "<group>";
		};
		9A33B6B329D0B410007B849D /* Model */ = {
			isa = PBXGroup;
			children = (
				9A33B6B429D0B41C007B849D /* Movie.swift */,
				9A6A0A9829D712E300DD32A7 /* Data.swift */,
			);
			path = Model;
			sourceTree = "<group>";
		};
		9A7DECC829D05B67001F810F = {
			isa = PBXGroup;
			children = (
				9A7DECD329D05B67001F810F /* MovieflixUIKit */,
				9A7DECEA29D05B68001F810F /* MovieflixUIKitTests */,
				9A7DECF429D05B68001F810F /* MovieflixUIKitUITests */,
				9A7DECD229D05B67001F810F /* Products */,
			);
			sourceTree = "<group>";
		};
		9A7DECD229D05B67001F810F /* Products */ = {
			isa = PBXGroup;
			children = (
				9A7DECD129D05B67001F810F /* MovieflixUIKit.app */,
				9A7DECE729D05B68001F810F /* MovieflixUIKitTests.xctest */,
				9A7DECF129D05B68001F810F /* MovieflixUIKitUITests.xctest */,
			);
			name = Products;
			sourceTree = "<group>";
		};
		9A7DECD329D05B67001F810F /* MovieflixUIKit */ = {
			isa = PBXGroup;
			children = (
				9AA7381F29D58BD700E5DA9B /* ViewController */,
				9A33B6B329D0B410007B849D /* Model */,
				9A33B6B029D0B3BD007B849D /* Helper */,
				9A33B6AD29D0B313007B849D /* Network */,
				9A7DECD429D05B67001F810F /* AppDelegate.swift */,
				9A7DECD629D05B67001F810F /* SceneDelegate.swift */,
				9A7DECDA29D05B67001F810F /* Main.storyboard */,
				9A7DECDD29D05B68001F810F /* Assets.xcassets */,
				9A7DECDF29D05B68001F810F /* LaunchScreen.storyboard */,
				9A7DECE229D05B68001F810F /* Info.plist */,
			);
			path = MovieflixUIKit;
			sourceTree = "<group>";
		};
		9A7DECEA29D05B68001F810F /* MovieflixUIKitTests */ = {
			isa = PBXGroup;
			children = (
				9A7DECEB29D05B68001F810F /* MovieflixUIKitTests.swift */,
			);
			path = MovieflixUIKitTests;
			sourceTree = "<group>";
		};
		9A7DECF429D05B68001F810F /* MovieflixUIKitUITests */ = {
			isa = PBXGroup;
			children = (
				9A7DECF529D05B68001F810F /* MovieflixUIKitUITests.swift */,
				9A7DECF729D05B68001F810F /* MovieflixUIKitUITestsLaunchTests.swift */,
			);
			path = MovieflixUIKitUITests;
			sourceTree = "<group>";
		};
		9AA7381F29D58BD700E5DA9B /* ViewController */ = {
			isa = PBXGroup;
			children = (
				9A7DECD829D05B67001F810F /* ViewController.swift */,
				9AAFB9C129D5960800DEABF0 /* OldNowMoviesTableViewController.swift */,
				9A6A0A9629D5D70500DD32A7 /* NowMoviesTableViewController.swift */,
				9A51A0A229D5C68200910185 /* MovieCell.swift */,
			);
			path = ViewController;
			sourceTree = "<group>";
		};
/* End PBXGroup section */

/* Begin PBXNativeTarget section */
		9A7DECD029D05B67001F810F /* MovieflixUIKit */ = {
			isa = PBXNativeTarget;
			buildConfigurationList = 9A7DECFB29D05B68001F810F /* Build configuration list for PBXNativeTarget "MovieflixUIKit" */;
			buildPhases = (
				9A7DECCD29D05B67001F810F /* Sources */,
				9A7DECCE29D05B67001F810F /* Frameworks */,
				9A7DECCF29D05B67001F810F /* Resources */,
			);
			buildRules = (
			);
			dependencies = (
			);
			name = MovieflixUIKit;
			productName = MovieflixUIKit;
			productReference = 9A7DECD129D05B67001F810F /* MovieflixUIKit.app */;
			productType = "com.apple.product-type.application";
		};
		9A7DECE629D05B68001F810F /* MovieflixUIKitTests */ = {
			isa = PBXNativeTarget;
			buildConfigurationList = 9A7DECFE29D05B68001F810F /* Build configuration list for PBXNativeTarget "MovieflixUIKitTests" */;
			buildPhases = (
				9A7DECE329D05B68001F810F /* Sources */,
				9A7DECE429D05B68001F810F /* Frameworks */,
				9A7DECE529D05B68001F810F /* Resources */,
			);
			buildRules = (
			);
			dependencies = (
				9A7DECE929D05B68001F810F /* PBXTargetDependency */,
			);
			name = MovieflixUIKitTests;
			productName = MovieflixUIKitTests;
			productReference = 9A7DECE729D05B68001F810F /* MovieflixUIKitTests.xctest */;
			productType = "com.apple.product-type.bundle.unit-test";
		};
		9A7DECF029D05B68001F810F /* MovieflixUIKitUITests */ = {
			isa = PBXNativeTarget;
			buildConfigurationList = 9A7DED0129D05B68001F810F /* Build configuration list for PBXNativeTarget "MovieflixUIKitUITests" */;
			buildPhases = (
				9A7DECED29D05B68001F810F /* Sources */,
				9A7DECEE29D05B68001F810F /* Frameworks */,
				9A7DECEF29D05B68001F810F /* Resources */,
			);
			buildRules = (
			);
			dependencies = (
				9A7DECF329D05B68001F810F /* PBXTargetDependency */,
			);
			name = MovieflixUIKitUITests;
			productName = MovieflixUIKitUITests;
			productReference = 9A7DECF129D05B68001F810F /* MovieflixUIKitUITests.xctest */;
			productType = "com.apple.product-type.bundle.ui-testing";
		};
/* End PBXNativeTarget section */

/* Begin PBXProject section */
		9A7DECC929D05B67001F810F /* Project object */ = {
			isa = PBXProject;
			attributes = {
				BuildIndependentTargetsInParallel = 1;
				LastSwiftUpdateCheck = 1420;
				LastUpgradeCheck = 1420;
				TargetAttributes = {
					9A7DECD029D05B67001F810F = {
						CreatedOnToolsVersion = 14.2;
					};
					9A7DECE629D05B68001F810F = {
						CreatedOnToolsVersion = 14.2;
						TestTargetID = 9A7DECD029D05B67001F810F;
					};
					9A7DECF029D05B68001F810F = {
						CreatedOnToolsVersion = 14.2;
						TestTargetID = 9A7DECD029D05B67001F810F;
					};
				};
			};
			buildConfigurationList = 9A7DECCC29D05B67001F810F /* Build configuration list for PBXProject "MovieflixUIKit" */;
			compatibilityVersion = "Xcode 14.0";
			developmentRegion = en;
			hasScannedForEncodings = 0;
			knownRegions = (
				en,
				Base,
			);
			mainGroup = 9A7DECC829D05B67001F810F;
			productRefGroup = 9A7DECD229D05B67001F810F /* Products */;
			projectDirPath = "";
			projectRoot = "";
			targets = (
				9A7DECD029D05B67001F810F /* MovieflixUIKit */,
				9A7DECE629D05B68001F810F /* MovieflixUIKitTests */,
				9A7DECF029D05B68001F810F /* MovieflixUIKitUITests */,
			);
		};
/* End PBXProject section */

/* Begin PBXResourcesBuildPhase section */
		9A7DECCF29D05B67001F810F /* Resources */ = {
			isa = PBXResourcesBuildPhase;
			buildActionMask = 2147483647;
			files = (
				9A7DECE129D05B68001F810F /* LaunchScreen.storyboard in Resources */,
				9A7DECDE29D05B68001F810F /* Assets.xcassets in Resources */,
				9A7DECDC29D05B67001F810F /* Main.storyboard in Resources */,
			);
			runOnlyForDeploymentPostprocessing = 0;
		};
		9A7DECE529D05B68001F810F /* Resources */ = {
			isa = PBXResourcesBuildPhase;
			buildActionMask = 2147483647;
			files = (
			);
			runOnlyForDeploymentPostprocessing = 0;
		};
		9A7DECEF29D05B68001F810F /* Resources */ = {
			isa = PBXResourcesBuildPhase;
			buildActionMask = 2147483647;
			files = (
			);
			runOnlyForDeploymentPostprocessing = 0;
		};
/* End PBXResourcesBuildPhase section */

/* Begin PBXSourcesBuildPhase section */
		9A7DECCD29D05B67001F810F /* Sources */ = {
			isa = PBXSourcesBuildPhase;
			buildActionMask = 2147483647;
			files = (
				9A6A0A9729D5D70500DD32A7 /* NowMoviesTableViewController.swift in Sources */,
				9A7DECD929D05B67001F810F /* ViewController.swift in Sources */,
				9A7DECD529D05B67001F810F /* AppDelegate.swift in Sources */,
				9A33B6AA29D0AF7D007B849D /* Network.swift in Sources */,
				9A33B6AF29D0B351007B849D /* NetworkError.swift in Sources */,
				9A33B6AC29D0B1AD007B849D /* Network+URLSessionDelegate.swift in Sources */,
				9A7DECD729D05B67001F810F /* SceneDelegate.swift in Sources */,
				9A6A0A9929D712E300DD32A7 /* Data.swift in Sources */,
				9A51A0A329D5C68200910185 /* MovieCell.swift in Sources */,
				9A33B6B529D0B41C007B849D /* Movie.swift in Sources */,
				9A33B6B229D0B3CE007B849D /* ResponseHandler.swift in Sources */,
				9AAFB9C229D5960800DEABF0 /* OldNowMoviesTableViewController.swift in Sources */,
			);
			runOnlyForDeploymentPostprocessing = 0;
		};
		9A7DECE329D05B68001F810F /* Sources */ = {
			isa = PBXSourcesBuildPhase;
			buildActionMask = 2147483647;
			files = (
				9A7DECEC29D05B68001F810F /* MovieflixUIKitTests.swift in Sources */,
			);
			runOnlyForDeploymentPostprocessing = 0;
		};
		9A7DECED29D05B68001F810F /* Sources */ = {
			isa = PBXSourcesBuildPhase;
			buildActionMask = 2147483647;
			files = (
				9A7DECF629D05B68001F810F /* MovieflixUIKitUITests.swift in Sources */,
				9A7DECF829D05B68001F810F /* MovieflixUIKitUITestsLaunchTests.swift in Sources */,
			);
			runOnlyForDeploymentPostprocessing = 0;
		};
/* End PBXSourcesBuildPhase section */

/* Begin PBXTargetDependency section */
		9A7DECE929D05B68001F810F /* PBXTargetDependency */ = {
			isa = PBXTargetDependency;
			target = 9A7DECD029D05B67001F810F /* MovieflixUIKit */;
			targetProxy = 9A7DECE829D05B68001F810F /* PBXContainerItemProxy */;
		};
		9A7DECF329D05B68001F810F /* PBXTargetDependency */ = {
			isa = PBXTargetDependency;
			target = 9A7DECD029D05B67001F810F /* MovieflixUIKit */;
			targetProxy = 9A7DECF229D05B68001F810F /* PBXContainerItemProxy */;
		};
/* End PBXTargetDependency section */

/* Begin PBXVariantGroup section */
		9A7DECDA29D05B67001F810F /* Main.storyboard */ = {
			isa = PBXVariantGroup;
			children = (
				9A7DECDB29D05B67001F810F /* Base */,
			);
			name = Main.storyboard;
			sourceTree = "<group>";
		};
		9A7DECDF29D05B68001F810F /* LaunchScreen.storyboard */ = {
			isa = PBXVariantGroup;
			children = (
				9A7DECE029D05B68001F810F /* Base */,
			);
			name = LaunchScreen.storyboard;
			sourceTree = "<group>";
		};
/* End PBXVariantGroup section */

/* Begin XCBuildConfiguration section */
		9A7DECF929D05B68001F810F /* Debug */ = {
			isa = XCBuildConfiguration;
			buildSettings = {
				ALWAYS_SEARCH_USER_PATHS = NO;
				CLANG_ANALYZER_NONNULL = YES;
				CLANG_ANALYZER_NUMBER_OBJECT_CONVERSION = YES_AGGRESSIVE;
				CLANG_CXX_LANGUAGE_STANDARD = "gnu++20";
				CLANG_ENABLE_MODULES = YES;
				CLANG_ENABLE_OBJC_ARC = YES;
				CLANG_ENABLE_OBJC_WEAK = YES;
				CLANG_WARN_BLOCK_CAPTURE_AUTORELEASING = YES;
				CLANG_WARN_BOOL_CONVERSION = YES;
				CLANG_WARN_COMMA = YES;
				CLANG_WARN_CONSTANT_CONVERSION = YES;
				CLANG_WARN_DEPRECATED_OBJC_IMPLEMENTATIONS = YES;
				CLANG_WARN_DIRECT_OBJC_ISA_USAGE = YES_ERROR;
				CLANG_WARN_DOCUMENTATION_COMMENTS = YES;
				CLANG_WARN_EMPTY_BODY = YES;
				CLANG_WARN_ENUM_CONVERSION = YES;
				CLANG_WARN_INFINITE_RECURSION = YES;
				CLANG_WARN_INT_CONVERSION = YES;
				CLANG_WARN_NON_LITERAL_NULL_CONVERSION = YES;
				CLANG_WARN_OBJC_IMPLICIT_RETAIN_SELF = YES;
				CLANG_WARN_OBJC_LITERAL_CONVERSION = YES;
				CLANG_WARN_OBJC_ROOT_CLASS = YES_ERROR;
				CLANG_WARN_QUOTED_INCLUDE_IN_FRAMEWORK_HEADER = YES;
				CLANG_WARN_RANGE_LOOP_ANALYSIS = YES;
				CLANG_WARN_STRICT_PROTOTYPES = YES;
				CLANG_WARN_SUSPICIOUS_MOVE = YES;
				CLANG_WARN_UNGUARDED_AVAILABILITY = YES_AGGRESSIVE;
				CLANG_WARN_UNREACHABLE_CODE = YES;
				CLANG_WARN__DUPLICATE_METHOD_MATCH = YES;
				COPY_PHASE_STRIP = NO;
				DEBUG_INFORMATION_FORMAT = dwarf;
				ENABLE_STRICT_OBJC_MSGSEND = YES;
				ENABLE_TESTABILITY = YES;
				GCC_C_LANGUAGE_STANDARD = gnu11;
				GCC_DYNAMIC_NO_PIC = NO;
				GCC_NO_COMMON_BLOCKS = YES;
				GCC_OPTIMIZATION_LEVEL = 0;
				GCC_PREPROCESSOR_DEFINITIONS = (
					"DEBUG=1",
					"$(inherited)",
				);
				GCC_WARN_64_TO_32_BIT_CONVERSION = YES;
				GCC_WARN_ABOUT_RETURN_TYPE = YES_ERROR;
				GCC_WARN_UNDECLARED_SELECTOR = YES;
				GCC_WARN_UNINITIALIZED_AUTOS = YES_AGGRESSIVE;
				GCC_WARN_UNUSED_FUNCTION = YES;
				GCC_WARN_UNUSED_VARIABLE = YES;
				IPHONEOS_DEPLOYMENT_TARGET = 16.2;
				MTL_ENABLE_DEBUG_INFO = INCLUDE_SOURCE;
				MTL_FAST_MATH = YES;
				ONLY_ACTIVE_ARCH = YES;
				SDKROOT = iphoneos;
				SWIFT_ACTIVE_COMPILATION_CONDITIONS = DEBUG;
				SWIFT_OPTIMIZATION_LEVEL = "-Onone";
			};
			name = Debug;
		};
		9A7DECFA29D05B68001F810F /* Release */ = {
			isa = XCBuildConfiguration;
			buildSettings = {
				ALWAYS_SEARCH_USER_PATHS = NO;
				CLANG_ANALYZER_NONNULL = YES;
				CLANG_ANALYZER_NUMBER_OBJECT_CONVERSION = YES_AGGRESSIVE;
				CLANG_CXX_LANGUAGE_STANDARD = "gnu++20";
				CLANG_ENABLE_MODULES = YES;
				CLANG_ENABLE_OBJC_ARC = YES;
				CLANG_ENABLE_OBJC_WEAK = YES;
				CLANG_WARN_BLOCK_CAPTURE_AUTORELEASING = YES;
				CLANG_WARN_BOOL_CONVERSION = YES;
				CLANG_WARN_COMMA = YES;
				CLANG_WARN_CONSTANT_CONVERSION = YES;
				CLANG_WARN_DEPRECATED_OBJC_IMPLEMENTATIONS = YES;
				CLANG_WARN_DIRECT_OBJC_ISA_USAGE = YES_ERROR;
				CLANG_WARN_DOCUMENTATION_COMMENTS = YES;
				CLANG_WARN_EMPTY_BODY = YES;
				CLANG_WARN_ENUM_CONVERSION = YES;
				CLANG_WARN_INFINITE_RECURSION = YES;
				CLANG_WARN_INT_CONVERSION = YES;
				CLANG_WARN_NON_LITERAL_NULL_CONVERSION = YES;
				CLANG_WARN_OBJC_IMPLICIT_RETAIN_SELF = YES;
				CLANG_WARN_OBJC_LITERAL_CONVERSION = YES;
				CLANG_WARN_OBJC_ROOT_CLASS = YES_ERROR;
				CLANG_WARN_QUOTED_INCLUDE_IN_FRAMEWORK_HEADER = YES;
				CLANG_WARN_RANGE_LOOP_ANALYSIS = YES;
				CLANG_WARN_STRICT_PROTOTYPES = YES;
				CLANG_WARN_SUSPICIOUS_MOVE = YES;
				CLANG_WARN_UNGUARDED_AVAILABILITY = YES_AGGRESSIVE;
				CLANG_WARN_UNREACHABLE_CODE = YES;
				CLANG_WARN__DUPLICATE_METHOD_MATCH = YES;
				COPY_PHASE_STRIP = NO;
				DEBUG_INFORMATION_FORMAT = "dwarf-with-dsym";
				ENABLE_NS_ASSERTIONS = NO;
				ENABLE_STRICT_OBJC_MSGSEND = YES;
				GCC_C_LANGUAGE_STANDARD = gnu11;
				GCC_NO_COMMON_BLOCKS = YES;
				GCC_WARN_64_TO_32_BIT_CONVERSION = YES;
				GCC_WARN_ABOUT_RETURN_TYPE = YES_ERROR;
				GCC_WARN_UNDECLARED_SELECTOR = YES;
				GCC_WARN_UNINITIALIZED_AUTOS = YES_AGGRESSIVE;
				GCC_WARN_UNUSED_FUNCTION = YES;
				GCC_WARN_UNUSED_VARIABLE = YES;
				IPHONEOS_DEPLOYMENT_TARGET = 16.2;
				MTL_ENABLE_DEBUG_INFO = NO;
				MTL_FAST_MATH = YES;
				SDKROOT = iphoneos;
				SWIFT_COMPILATION_MODE = wholemodule;
				SWIFT_OPTIMIZATION_LEVEL = "-O";
				VALIDATE_PRODUCT = YES;
			};
			name = Release;
		};
		9A7DECFC29D05B68001F810F /* Debug */ = {
			isa = XCBuildConfiguration;
			buildSettings = {
				ASSETCATALOG_COMPILER_APPICON_NAME = AppIcon;
				ASSETCATALOG_COMPILER_GLOBAL_ACCENT_COLOR_NAME = AccentColor;
				CODE_SIGN_STYLE = Automatic;
				CURRENT_PROJECT_VERSION = 1;
				DEVELOPMENT_TEAM = A8HBA34LL5;
				GENERATE_INFOPLIST_FILE = YES;
				INFOPLIST_FILE = MovieflixUIKit/Info.plist;
				INFOPLIST_KEY_UIApplicationSupportsIndirectInputEvents = YES;
				INFOPLIST_KEY_UILaunchStoryboardName = LaunchScreen;
				INFOPLIST_KEY_UIMainStoryboardFile = Main;
				INFOPLIST_KEY_UISupportedInterfaceOrientations_iPad = "UIInterfaceOrientationPortrait UIInterfaceOrientationPortraitUpsideDown UIInterfaceOrientationLandscapeLeft UIInterfaceOrientationLandscapeRight";
				INFOPLIST_KEY_UISupportedInterfaceOrientations_iPhone = "UIInterfaceOrientationPortrait UIInterfaceOrientationLandscapeLeft UIInterfaceOrientationLandscapeRight";
				LD_RUNPATH_SEARCH_PATHS = (
					"$(inherited)",
					"@executable_path/Frameworks",
				);
				MARKETING_VERSION = 1.0;
				PRODUCT_BUNDLE_IDENTIFIER = com.pietrociuci.MovieflixUIKit;
				PRODUCT_NAME = "$(TARGET_NAME)";
				SWIFT_EMIT_LOC_STRINGS = YES;
				SWIFT_VERSION = 5.0;
				TARGETED_DEVICE_FAMILY = "1,2";
			};
			name = Debug;
		};
		9A7DECFD29D05B68001F810F /* Release */ = {
			isa = XCBuildConfiguration;
			buildSettings = {
				ASSETCATALOG_COMPILER_APPICON_NAME = AppIcon;
				ASSETCATALOG_COMPILER_GLOBAL_ACCENT_COLOR_NAME = AccentColor;
				CODE_SIGN_STYLE = Automatic;
				CURRENT_PROJECT_VERSION = 1;
				DEVELOPMENT_TEAM = A8HBA34LL5;
				GENERATE_INFOPLIST_FILE = YES;
				INFOPLIST_FILE = MovieflixUIKit/Info.plist;
				INFOPLIST_KEY_UIApplicationSupportsIndirectInputEvents = YES;
				INFOPLIST_KEY_UILaunchStoryboardName = LaunchScreen;
				INFOPLIST_KEY_UIMainStoryboardFile = Main;
				INFOPLIST_KEY_UISupportedInterfaceOrientations_iPad = "UIInterfaceOrientationPortrait UIInterfaceOrientationPortraitUpsideDown UIInterfaceOrientationLandscapeLeft UIInterfaceOrientationLandscapeRight";
				INFOPLIST_KEY_UISupportedInterfaceOrientations_iPhone = "UIInterfaceOrientationPortrait UIInterfaceOrientationLandscapeLeft UIInterfaceOrientationLandscapeRight";
				LD_RUNPATH_SEARCH_PATHS = (
					"$(inherited)",
					"@executable_path/Frameworks",
				);
				MARKETING_VERSION = 1.0;
				PRODUCT_BUNDLE_IDENTIFIER = com.pietrociuci.MovieflixUIKit;
				PRODUCT_NAME = "$(TARGET_NAME)";
				SWIFT_EMIT_LOC_STRINGS = YES;
				SWIFT_VERSION = 5.0;
				TARGETED_DEVICE_FAMILY = "1,2";
			};
			name = Release;
		};
		9A7DECFF29D05B68001F810F /* Debug */ = {
			isa = XCBuildConfiguration;
			buildSettings = {
				ALWAYS_EMBED_SWIFT_STANDARD_LIBRARIES = YES;
				BUNDLE_LOADER = "$(TEST_HOST)";
				CODE_SIGN_STYLE = Automatic;
				CURRENT_PROJECT_VERSION = 1;
				DEVELOPMENT_TEAM = A8HBA34LL5;
				GENERATE_INFOPLIST_FILE = YES;
				IPHONEOS_DEPLOYMENT_TARGET = 16.2;
				MARKETING_VERSION = 1.0;
				PRODUCT_BUNDLE_IDENTIFIER = com.pietrociuci.MovieflixUIKitTests;
				PRODUCT_NAME = "$(TARGET_NAME)";
				SWIFT_EMIT_LOC_STRINGS = NO;
				SWIFT_VERSION = 5.0;
				TARGETED_DEVICE_FAMILY = "1,2";
				TEST_HOST = "$(BUILT_PRODUCTS_DIR)/MovieflixUIKit.app/$(BUNDLE_EXECUTABLE_FOLDER_PATH)/MovieflixUIKit";
			};
			name = Debug;
		};
		9A7DED0029D05B68001F810F /* Release */ = {
			isa = XCBuildConfiguration;
			buildSettings = {
				ALWAYS_EMBED_SWIFT_STANDARD_LIBRARIES = YES;
				BUNDLE_LOADER = "$(TEST_HOST)";
				CODE_SIGN_STYLE = Automatic;
				CURRENT_PROJECT_VERSION = 1;
				DEVELOPMENT_TEAM = A8HBA34LL5;
				GENERATE_INFOPLIST_FILE = YES;
				IPHONEOS_DEPLOYMENT_TARGET = 16.2;
				MARKETING_VERSION = 1.0;
				PRODUCT_BUNDLE_IDENTIFIER = com.pietrociuci.MovieflixUIKitTests;
				PRODUCT_NAME = "$(TARGET_NAME)";
				SWIFT_EMIT_LOC_STRINGS = NO;
				SWIFT_VERSION = 5.0;
				TARGETED_DEVICE_FAMILY = "1,2";
				TEST_HOST = "$(BUILT_PRODUCTS_DIR)/MovieflixUIKit.app/$(BUNDLE_EXECUTABLE_FOLDER_PATH)/MovieflixUIKit";
			};
			name = Release;
		};
		9A7DED0229D05B68001F810F /* Debug */ = {
			isa = XCBuildConfiguration;
			buildSettings = {
				ALWAYS_EMBED_SWIFT_STANDARD_LIBRARIES = YES;
				CODE_SIGN_STYLE = Automatic;
				CURRENT_PROJECT_VERSION = 1;
				DEVELOPMENT_TEAM = A8HBA34LL5;
				GENERATE_INFOPLIST_FILE = YES;
				MARKETING_VERSION = 1.0;
				PRODUCT_BUNDLE_IDENTIFIER = com.pietrociuci.MovieflixUIKitUITests;
				PRODUCT_NAME = "$(TARGET_NAME)";
				SWIFT_EMIT_LOC_STRINGS = NO;
				SWIFT_VERSION = 5.0;
				TARGETED_DEVICE_FAMILY = "1,2";
				TEST_TARGET_NAME = MovieflixUIKit;
			};
			name = Debug;
		};
		9A7DED0329D05B68001F810F /* Release */ = {
			isa = XCBuildConfiguration;
			buildSettings = {
				ALWAYS_EMBED_SWIFT_STANDARD_LIBRARIES = YES;
				CODE_SIGN_STYLE = Automatic;
				CURRENT_PROJECT_VERSION = 1;
				DEVELOPMENT_TEAM = A8HBA34LL5;
				GENERATE_INFOPLIST_FILE = YES;
				MARKETING_VERSION = 1.0;
				PRODUCT_BUNDLE_IDENTIFIER = com.pietrociuci.MovieflixUIKitUITests;
				PRODUCT_NAME = "$(TARGET_NAME)";
				SWIFT_EMIT_LOC_STRINGS = NO;
				SWIFT_VERSION = 5.0;
				TARGETED_DEVICE_FAMILY = "1,2";
				TEST_TARGET_NAME = MovieflixUIKit;
			};
			name = Release;
		};
/* End XCBuildConfiguration section */

/* Begin XCConfigurationList section */
		9A7DECCC29D05B67001F810F /* Build configuration list for PBXProject "MovieflixUIKit" */ = {
			isa = XCConfigurationList;
			buildConfigurations = (
				9A7DECF929D05B68001F810F /* Debug */,
				9A7DECFA29D05B68001F810F /* Release */,
			);
			defaultConfigurationIsVisible = 0;
			defaultConfigurationName = Release;
		};
		9A7DECFB29D05B68001F810F /* Build configuration list for PBXNativeTarget "MovieflixUIKit" */ = {
			isa = XCConfigurationList;
			buildConfigurations = (
				9A7DECFC29D05B68001F810F /* Debug */,
				9A7DECFD29D05B68001F810F /* Release */,
			);
			defaultConfigurationIsVisible = 0;
			defaultConfigurationName = Release;
		};
		9A7DECFE29D05B68001F810F /* Build configuration list for PBXNativeTarget "MovieflixUIKitTests" */ = {
			isa = XCConfigurationList;
			buildConfigurations = (
				9A7DECFF29D05B68001F810F /* Debug */,
				9A7DED0029D05B68001F810F /* Release */,
			);
			defaultConfigurationIsVisible = 0;
			defaultConfigurationName = Release;
		};
		9A7DED0129D05B68001F810F /* Build configuration list for PBXNativeTarget "MovieflixUIKitUITests" */ = {
			isa = XCConfigurationList;
			buildConfigurations = (
				9A7DED0229D05B68001F810F /* Debug */,
				9A7DED0329D05B68001F810F /* Release */,
			);
			defaultConfigurationIsVisible = 0;
			defaultConfigurationName = Release;
		};
/* End XCConfigurationList section */
	};
	rootObject = 9A7DECC929D05B67001F810F /* Project object */;
}
